
Microsoft Visual Studio Solution File, Format Version 12.00
# Visual Studio 2012
Project("{FAE04EC0-301F-11D3-BF4B-00C04F79EFBC}") = "HRS1", "HRS1\HRS1.csproj", "{575A2827-244B-4BEF-8BF6-1D88C6CC8AFA}"
EndProject
Global
	GlobalSection(SolutionConfigurationPlatforms) = preSolution
		Debug|Any CPU = Debug|Any CPU
		Release|Any CPU = Release|Any CPU
	EndGlobalSection
	GlobalSection(ProjectConfigurationPlatforms) = postSolution
		{575A2827-244B-4BEF-8BF6-1D88C6CC8AFA}.Debug|Any CPU.ActiveCfg = Debug|Any CPU
		{575A2827-244B-4BEF-8BF6-1D88C6CC8AFA}.Debug|Any CPU.Build.0 = Debug|Any CPU
		{575A2827-244B-4BEF-8BF6-1D88C6CC8AFA}.Release|Any CPU.ActiveCfg = Release|Any CPU
		{575A2827-244B-4BEF-8BF6-1D88C6CC8AFA}.Release|Any CPU.Build.0 = Release|Any CPU
	EndGlobalSection
	GlobalSection(SolutionProperties) = preSolution
		HideSolutionNode = FALSE
	EndGlobalSection
EndGlobal
